Microsoft Visual Studio Solution File, Format Version 12.00
# Visual Studio Version 17
VisualStudioVersion = 17.1.32407.343
MinimumVisualStudioVersion = 10.0.40219.1
Project("{9A19103F-16F7-4668-BE54-9A1E7A4F7556}") = "CtrlUI", "CtrlUI\CtrlUI.csproj", "{85D51D84-9E14-4AB1-B86E-03816D901042}"
	ProjectSection(ProjectDependencies) = postProject
		{7958A167-08A0-4F0F-812C-D9EA2904887B} = {7958A167-08A0-4F0F-812C-D9EA2904887B}
	EndProjectSection
EndProject
Project("{9A19103F-16F7-4668-BE54-9A1E7A4F7556}") = "ArnoldVinkCode", "..\ArnoldVinkCode\Desktop\ArnoldVinkCode.csproj", "{7958A167-08A0-4F0F-812C-D9EA2904887B}"
EndProject
Global
	GlobalSection(SolutionConfigurationPlatforms) = preSolution
		Debug|Any CPU = Debug|Any CPU
		Debug|x64 = Debug|x64
		Debug|x86 = Debug|x86
		Release|Any CPU = Release|Any CPU
		Release|x64 = Release|x64
		Release|x86 = Release|x86
	EndGlobalSection
	GlobalSection(ProjectConfigurationPlatforms) = postSolution
		{85D51D84-9E14-4AB1-B86E-03816D901042}.Debug|Any CPU.ActiveCfg = Debug|Any CPU
		{85D51D84-9E14-4AB1-B86E-03816D901042}.Debug|Any CPU.Build.0 = Debug|Any CPU
		{85D51D84-9E14-4AB1-B86E-03816D901042}.Debug|x64.ActiveCfg = Debug|Any CPU
		{85D51D84-9E14-4AB1-B86E-03816D901042}.Debug|x64.Build.0 = Debug|Any CPU
		{85D51D84-9E14-4AB1-B86E-03816D901042}.Debug|x86.ActiveCfg = Debug|Any CPU
		{85D51D84-9E14-4AB1-B86E-03816D901042}.Debug|x86.Build.0 = Debug|Any CPU
		{85D51D84-9E14-4AB1-B86E-03816D901042}.Release|Any CPU.ActiveCfg = Release|Any CPU
		{85D51D84-9E14-4AB1-B86E-03816D901042}.Release|Any CPU.Build.0 = Release|Any CPU
		{85D51D84-9E14-4AB1-B86E-03816D901042}.Release|x64.ActiveCfg = Release|Any CPU
		{85D51D84-9E14-4AB1-B86E-03816D901042}.Release|x64.Build.0 = Release|Any CPU
		{85D51D84-9E14-4AB1-B86E-03816D901042}.Release|x86.ActiveCfg = Release|Any CPU
		{85D51D84-9E14-4AB1-B86E-03816D901042}.Release|x86.Build.0 = Release|Any CPU
		{7958A167-08A0-4F0F-812C-D9EA2904887B}.Debug|Any CPU.ActiveCfg = Debug|Any CPU
		{7958A167-08A0-4F0F-812C-D9EA2904887B}.Debug|Any CPU.Build.0 = Debug|Any CPU
		{7958A167-08A0-4F0F-812C-D9EA2904887B}.Debug|x64.ActiveCfg = Debug|Any CPU
		{7958A167-08A0-4F0F-812C-D9EA2904887B}.Debug|x64.Build.0 = Debug|Any CPU
		{7958A167-08A0-4F0F-812C-D9EA2904887B}.Debug|x86.ActiveCfg = Debug|Any CPU
		{7958A167-08A0-4F0F-812C-D9EA2904887B}.Debug|x86.Build.0 = Debug|Any CPU
		{7958A167-08A0-4F0F-812C-D9EA2904887B}.Release|Any CPU.ActiveCfg = Release|Any CPU
		{7958A167-08A0-4F0F-812C-D9EA2904887B}.Release|Any CPU.Build.0 = Release|Any CPU
		{7958A167-08A0-4F0F-812C-D9EA2904887B}.Release|x64.ActiveCfg = Release|Any CPU
		{7958A167-08A0-4F0F-812C-D9EA2904887B}.Release|x64.Build.0 = Release|Any CPU
		{7958A167-08A0-4F0F-812C-D9EA2904887B}.Release|x86.ActiveCfg = Release|Any CPU
		{7958A167-08A0-4F0F-812C-D9EA2904887B}.Release|x86.Build.0 = Release|Any CPU
	EndGlobalSection
	GlobalSection(SolutionProperties) = preSolution
		HideSolutionNode = FALSE
	EndGlobalSection
	GlobalSection(ExtensibilityGlobals) = postSolution
		SolutionGuid = {C2168005-BB1E-43C0-9D52-E66070457168}
	EndGlobalSection
EndGlobal
