
Microsoft Visual Studio Solution File, Format Version 12.00
# Visual Studio Version 16
VisualStudioVersion = 16.0.30114.105
MinimumVisualStudioVersion = 10.0.40219.1
Project("{FAE04EC0-301F-11D3-BF4B-00C04F79EFBC}") = "CtrlUI", "CtrlUI\CtrlUI.csproj", "{85D51D84-9E14-4AB1-B86E-03816D901042}"
	ProjectSection(ProjectDependencies) = postProject
		{C63B431C-B707-4F98-9465-448B1AA35D70} = {C63B431C-B707-4F98-9465-448B1AA35D70}
		{F229612F-4E41-4E9F-972F-36DB0BCDAFDC} = {F229612F-4E41-4E9F-972F-36DB0BCDAFDC}
		{5ACEA93D-992E-4C16-AA3C-83DF49E5B0A1} = {5ACEA93D-992E-4C16-AA3C-83DF49E5B0A1}
		{E6463844-5091-497C-B107-8DC8D9DF4D36} = {E6463844-5091-497C-B107-8DC8D9DF4D36}
		{0DC13C50-62EE-4E92-AF8C-789B35769E8D} = {0DC13C50-62EE-4E92-AF8C-789B35769E8D}
		{A9092D5A-1B08-4EA8-B684-0E2AC4D1AF1A} = {A9092D5A-1B08-4EA8-B684-0E2AC4D1AF1A}
		{36267F5B-F9A3-449A-A20F-F139C038BB07} = {36267F5B-F9A3-449A-A20F-F139C038BB07}
		{2CB2F760-B0FB-41A4-BCD5-F60D244222C7} = {2CB2F760-B0FB-41A4-BCD5-F60D244222C7}
		{32606981-075D-47F0-A66D-E0EBA2C9265E} = {32606981-075D-47F0-A66D-E0EBA2C9265E}
		{318363B3-3252-438D-8F71-7A271A276DA6} = {318363B3-3252-438D-8F71-7A271A276DA6}
		{5A3A03C7-095D-46E6-A588-BFB9A1A2C547} = {5A3A03C7-095D-46E6-A588-BFB9A1A2C547}
	EndProjectSection
EndProject
Project("{FAE04EC0-301F-11D3-BF4B-00C04F79EFBC}") = "Updater", "Updater\Updater.csproj", "{E6463844-5091-497C-B107-8DC8D9DF4D36}"
EndProject
Project("{FAE04EC0-301F-11D3-BF4B-00C04F79EFBC}") = "DirectXInput", "DirectXInput\DirectXInput.csproj", "{2CB2F760-B0FB-41A4-BCD5-F60D244222C7}"
EndProject
Project("{FAE04EC0-301F-11D3-BF4B-00C04F79EFBC}") = "CtrlUI-Admin", "CtrlUI-Admin\CtrlUI-Admin.csproj", "{0DC13C50-62EE-4E92-AF8C-789B35769E8D}"
EndProject
Project("{FAE04EC0-301F-11D3-BF4B-00C04F79EFBC}") = "DirectXInput-Admin", "DirectXInput-Admin\DirectXInput-Admin.csproj", "{36267F5B-F9A3-449A-A20F-F139C038BB07}"
EndProject
Project("{FAE04EC0-301F-11D3-BF4B-00C04F79EFBC}") = "FpsOverlayer", "FpsOverlayer\FpsOverlayer.csproj", "{5A3A03C7-095D-46E6-A588-BFB9A1A2C547}"
EndProject
Project("{FAE04EC0-301F-11D3-BF4B-00C04F79EFBC}") = "FpsOverlayer-Admin", "FpsOverlayer-Admin\FpsOverlayer-Admin.csproj", "{5ACEA93D-992E-4C16-AA3C-83DF49E5B0A1}"
EndProject
Project("{FAE04EC0-301F-11D3-BF4B-00C04F79EFBC}") = "DriverInstaller", "DriverInstaller\DriverInstaller.csproj", "{C63B431C-B707-4F98-9465-448B1AA35D70}"
EndProject
Project("{FAE04EC0-301F-11D3-BF4B-00C04F79EFBC}") = "FpsOverlayer-Launcher", "FpsOverlayer-Launcher\FpsOverlayer-Launcher.csproj", "{F229612F-4E41-4E9F-972F-36DB0BCDAFDC}"
EndProject
Project("{FAE04EC0-301F-11D3-BF4B-00C04F79EFBC}") = "LibraryShared", "LibraryShared\LibraryShared.csproj", "{318363B3-3252-438D-8F71-7A271A276DA6}"
EndProject
Project("{FAE04EC0-301F-11D3-BF4B-00C04F79EFBC}") = "LibraryUsb", "LibraryUsb\LibraryUsb.csproj", "{A9092D5A-1B08-4EA8-B684-0E2AC4D1AF1A}"
EndProject
Project("{FAE04EC0-301F-11D3-BF4B-00C04F79EFBC}") = "DirectXInput-Launcher", "DirectXInput-Launcher\DirectXInput-Launcher.csproj", "{32606981-075D-47F0-A66D-E0EBA2C9265E}"
EndProject
Global
	GlobalSection(SolutionConfigurationPlatforms) = preSolution
		Debug|Any CPU = Debug|Any CPU
		Release|Any CPU = Release|Any CPU
	EndGlobalSection
	GlobalSection(ProjectConfigurationPlatforms) = postSolution
		{85D51D84-9E14-4AB1-B86E-03816D901042}.Debug|Any CPU.ActiveCfg = Debug|Any CPU
		{85D51D84-9E14-4AB1-B86E-03816D901042}.Debug|Any CPU.Build.0 = Debug|Any CPU
		{85D51D84-9E14-4AB1-B86E-03816D901042}.Release|Any CPU.ActiveCfg = Release|Any CPU
		{85D51D84-9E14-4AB1-B86E-03816D901042}.Release|Any CPU.Build.0 = Release|Any CPU
		{E6463844-5091-497C-B107-8DC8D9DF4D36}.Debug|Any CPU.ActiveCfg = Debug|Any CPU
		{E6463844-5091-497C-B107-8DC8D9DF4D36}.Debug|Any CPU.Build.0 = Debug|Any CPU
		{E6463844-5091-497C-B107-8DC8D9DF4D36}.Release|Any CPU.ActiveCfg = Release|Any CPU
		{E6463844-5091-497C-B107-8DC8D9DF4D36}.Release|Any CPU.Build.0 = Release|Any CPU
		{2CB2F760-B0FB-41A4-BCD5-F60D244222C7}.Debug|Any CPU.ActiveCfg = Debug|Any CPU
		{2CB2F760-B0FB-41A4-BCD5-F60D244222C7}.Debug|Any CPU.Build.0 = Debug|Any CPU
		{2CB2F760-B0FB-41A4-BCD5-F60D244222C7}.Release|Any CPU.ActiveCfg = Release|Any CPU
		{2CB2F760-B0FB-41A4-BCD5-F60D244222C7}.Release|Any CPU.Build.0 = Release|Any CPU
		{0DC13C50-62EE-4E92-AF8C-789B35769E8D}.Debug|Any CPU.ActiveCfg = Debug|Any CPU
		{0DC13C50-62EE-4E92-AF8C-789B35769E8D}.Debug|Any CPU.Build.0 = Debug|Any CPU
		{0DC13C50-62EE-4E92-AF8C-789B35769E8D}.Release|Any CPU.ActiveCfg = Release|Any CPU
		{0DC13C50-62EE-4E92-AF8C-789B35769E8D}.Release|Any CPU.Build.0 = Release|Any CPU
		{36267F5B-F9A3-449A-A20F-F139C038BB07}.Debug|Any CPU.ActiveCfg = Debug|Any CPU
		{36267F5B-F9A3-449A-A20F-F139C038BB07}.Debug|Any CPU.Build.0 = Debug|Any CPU
		{36267F5B-F9A3-449A-A20F-F139C038BB07}.Release|Any CPU.ActiveCfg = Release|Any CPU
		{36267F5B-F9A3-449A-A20F-F139C038BB07}.Release|Any CPU.Build.0 = Release|Any CPU
		{5A3A03C7-095D-46E6-A588-BFB9A1A2C547}.Debug|Any CPU.ActiveCfg = Debug|Any CPU
		{5A3A03C7-095D-46E6-A588-BFB9A1A2C547}.Debug|Any CPU.Build.0 = Debug|Any CPU
		{5A3A03C7-095D-46E6-A588-BFB9A1A2C547}.Release|Any CPU.ActiveCfg = Release|Any CPU
		{5A3A03C7-095D-46E6-A588-BFB9A1A2C547}.Release|Any CPU.Build.0 = Release|Any CPU
		{5ACEA93D-992E-4C16-AA3C-83DF49E5B0A1}.Debug|Any CPU.ActiveCfg = Debug|Any CPU
		{5ACEA93D-992E-4C16-AA3C-83DF49E5B0A1}.Debug|Any CPU.Build.0 = Debug|Any CPU
		{5ACEA93D-992E-4C16-AA3C-83DF49E5B0A1}.Release|Any CPU.ActiveCfg = Release|Any CPU
		{5ACEA93D-992E-4C16-AA3C-83DF49E5B0A1}.Release|Any CPU.Build.0 = Release|Any CPU
		{C63B431C-B707-4F98-9465-448B1AA35D70}.Debug|Any CPU.ActiveCfg = Debug|Any CPU
		{C63B431C-B707-4F98-9465-448B1AA35D70}.Debug|Any CPU.Build.0 = Debug|Any CPU
		{C63B431C-B707-4F98-9465-448B1AA35D70}.Release|Any CPU.ActiveCfg = Release|Any CPU
		{C63B431C-B707-4F98-9465-448B1AA35D70}.Release|Any CPU.Build.0 = Release|Any CPU
		{F229612F-4E41-4E9F-972F-36DB0BCDAFDC}.Debug|Any CPU.ActiveCfg = Debug|Any CPU
		{F229612F-4E41-4E9F-972F-36DB0BCDAFDC}.Debug|Any CPU.Build.0 = Debug|Any CPU
		{F229612F-4E41-4E9F-972F-36DB0BCDAFDC}.Release|Any CPU.ActiveCfg = Release|Any CPU
		{F229612F-4E41-4E9F-972F-36DB0BCDAFDC}.Release|Any CPU.Build.0 = Release|Any CPU
		{318363B3-3252-438D-8F71-7A271A276DA6}.Debug|Any CPU.ActiveCfg = Debug|Any CPU
		{318363B3-3252-438D-8F71-7A271A276DA6}.Debug|Any CPU.Build.0 = Debug|Any CPU
		{318363B3-3252-438D-8F71-7A271A276DA6}.Release|Any CPU.ActiveCfg = Release|Any CPU
		{318363B3-3252-438D-8F71-7A271A276DA6}.Release|Any CPU.Build.0 = Release|Any CPU
		{A9092D5A-1B08-4EA8-B684-0E2AC4D1AF1A}.Debug|Any CPU.ActiveCfg = Debug|Any CPU
		{A9092D5A-1B08-4EA8-B684-0E2AC4D1AF1A}.Debug|Any CPU.Build.0 = Debug|Any CPU
		{A9092D5A-1B08-4EA8-B684-0E2AC4D1AF1A}.Release|Any CPU.ActiveCfg = Release|Any CPU
		{A9092D5A-1B08-4EA8-B684-0E2AC4D1AF1A}.Release|Any CPU.Build.0 = Release|Any CPU
		{32606981-075D-47F0-A66D-E0EBA2C9265E}.Debug|Any CPU.ActiveCfg = Debug|Any CPU
		{32606981-075D-47F0-A66D-E0EBA2C9265E}.Debug|Any CPU.Build.0 = Debug|Any CPU
		{32606981-075D-47F0-A66D-E0EBA2C9265E}.Release|Any CPU.ActiveCfg = Release|Any CPU
		{32606981-075D-47F0-A66D-E0EBA2C9265E}.Release|Any CPU.Build.0 = Release|Any CPU
	EndGlobalSection
	GlobalSection(SolutionProperties) = preSolution
		HideSolutionNode = FALSE
	EndGlobalSection
	GlobalSection(ExtensibilityGlobals) = postSolution
		SolutionGuid = {C2168005-BB1E-43C0-9D52-E66070457168}
	EndGlobalSection
EndGlobal
